// !$*UTF8*$!
{
	archiveVersion = 1;
	classes = {
	};
	objectVersion = 56;
	objects = {

/* Begin PBXBuildFile section */
		55AED1972BFFE05000026B5E /* BusQRGeneratorApp.swift in Sources */ = {isa = PBXBuildFile; fileRef = 55AED1962BFFE05000026B5E /* BusQRGeneratorApp.swift */; };
		55AED1992BFFE05000026B5E /* ContentView.swift in Sources */ = {isa = PBXBuildFile; fileRef = 55AED1982BFFE05000026B5E /* ContentView.swift */; };
		55AED19B2BFFE05100026B5E /* Assets.xcassets in Resources */ = {isa = PBXBuildFile; fileRef = 55AED19A2BFFE05100026B5E /* Assets.xcassets */; };
		55AED19E2BFFE05100026B5E /* Preview Assets.xcassets in Resources */ = {isa = PBXBuildFile; fileRef = 55AED19D2BFFE05100026B5E /* Preview Assets.xcassets */; };
		55AED1A52BFFE10700026B5E /* GoogleService-Info.plist in Resources */ = {isa = PBXBuildFile; fileRef = 55AED1A42BFFE10700026B5E /* GoogleService-Info.plist */; };
		55AED1A82BFFE1B800026B5E /* FirebaseAnalytics in Frameworks */ = {isa = PBXBuildFile; productRef = 55AED1A72BFFE1B800026B5E /* FirebaseAnalytics */; };
		55AED1AA2BFFE1B800026B5E /* FirebaseAnalyticsOnDeviceConversion in Frameworks */ = {isa = PBXBuildFile; productRef = 55AED1A92BFFE1B800026B5E /* FirebaseAnalyticsOnDeviceConversion */; };
		55AED1AC2BFFE1B800026B5E /* FirebaseAnalyticsSwift in Frameworks */ = {isa = PBXBuildFile; productRef = 55AED1AB2BFFE1B800026B5E /* FirebaseAnalyticsSwift */; };
		55AED1AE2BFFE1B800026B5E /* FirebaseAnalyticsWithoutAdIdSupport in Frameworks */ = {isa = PBXBuildFile; productRef = 55AED1AD2BFFE1B800026B5E /* FirebaseAnalyticsWithoutAdIdSupport */; };
		55AED1B02BFFE1B800026B5E /* FirebaseAppCheck in Frameworks */ = {isa = PBXBuildFile; productRef = 55AED1AF2BFFE1B800026B5E /* FirebaseAppCheck */; };
		B49A01DD2C012D2B00ACBD46 /* LogInView.swift in Sources */ = {isa = PBXBuildFile; fileRef = B49A01DC2C012D2B00ACBD46 /* LogInView.swift */; };
		B49A01DF2C012D4000ACBD46 /* RegisterView.swift in Sources */ = {isa = PBXBuildFile; fileRef = B49A01DE2C012D4000ACBD46 /* RegisterView.swift */; };
		B49A01E12C012D6B00ACBD46 /* ForgottenView.swift in Sources */ = {isa = PBXBuildFile; fileRef = B49A01E02C012D6B00ACBD46 /* ForgottenView.swift */; };
		B49A01E32C012D8A00ACBD46 /* GenerateQRView.swift in Sources */ = {isa = PBXBuildFile; fileRef = B49A01E22C012D8A00ACBD46 /* GenerateQRView.swift */; };
		B49A01E52C012DB600ACBD46 /* EditAccountView.swift in Sources */ = {isa = PBXBuildFile; fileRef = B49A01E42C012DB600ACBD46 /* EditAccountView.swift */; };
		B49A01E82C012E9500ACBD46 /* CodeScanner in Frameworks */ = {isa = PBXBuildFile; productRef = B49A01E72C012E9500ACBD46 /* CodeScanner */; };
/* End PBXBuildFile section */

/* Begin PBXFileReference section */
		55AED1932BFFE05000026B5E /* BusQRGenerator.app */ = {isa = PBXFileReference; explicitFileType = wrapper.application; includeInIndex = 0; path = BusQRGenerator.app; sourceTree = BUILT_PRODUCTS_DIR; };
		55AED1962BFFE05000026B5E /* BusQRGeneratorApp.swift */ = {isa = PBXFileReference; lastKnownFileType = sourcecode.swift; path = BusQRGeneratorApp.swift; sourceTree = "<group>"; };
		55AED1982BFFE05000026B5E /* ContentView.swift */ = {isa = PBXFileReference; lastKnownFileType = sourcecode.swift; path = ContentView.swift; sourceTree = "<group>"; };
		55AED19A2BFFE05100026B5E /* Assets.xcassets */ = {isa = PBXFileReference; lastKnownFileType = folder.assetcatalog; path = Assets.xcassets; sourceTree = "<group>"; };
		55AED19D2BFFE05100026B5E /* Preview Assets.xcassets */ = {isa = PBXFileReference; lastKnownFileType = folder.assetcatalog; path = "Preview Assets.xcassets"; sourceTree = "<group>"; };
		55AED1A42BFFE10700026B5E /* GoogleService-Info.plist */ = {isa = PBXFileReference; fileEncoding = 4; lastKnownFileType = text.plist.xml; path = "GoogleService-Info.plist"; sourceTree = "<group>"; };
		B49A01DC2C012D2B00ACBD46 /* LogInView.swift */ = {isa = PBXFileReference; lastKnownFileType = sourcecode.swift; path = LogInView.swift; sourceTree = "<group>"; };
		B49A01DE2C012D4000ACBD46 /* RegisterView.swift */ = {isa = PBXFileReference; lastKnownFileType = sourcecode.swift; path = RegisterView.swift; sourceTree = "<group>"; };
		B49A01E02C012D6B00ACBD46 /* ForgottenView.swift */ = {isa = PBXFileReference; lastKnownFileType = sourcecode.swift; path = ForgottenView.swift; sourceTree = "<group>"; };
		B49A01E22C012D8A00ACBD46 /* GenerateQRView.swift */ = {isa = PBXFileReference; lastKnownFileType = sourcecode.swift; path = GenerateQRView.swift; sourceTree = "<group>"; };
		B49A01E42C012DB600ACBD46 /* EditAccountView.swift */ = {isa = PBXFileReference; lastKnownFileType = sourcecode.swift; path = EditAccountView.swift; sourceTree = "<group>"; };
/* End PBXFileReference section */

/* Begin PBXFrameworksBuildPhase section */
		55AED1902BFFE05000026B5E /* Frameworks */ = {
			isa = PBXFrameworksBuildPhase;
			buildActionMask = 2147483647;
			files = (
				55AED1AC2BFFE1B800026B5E /* FirebaseAnalyticsSwift in Frameworks */,
				55AED1A82BFFE1B800026B5E /* FirebaseAnalytics in Frameworks */,
				B49A01E82C012E9500ACBD46 /* CodeScanner in Frameworks */,
				55AED1AA2BFFE1B800026B5E /* FirebaseAnalyticsOnDeviceConversion in Frameworks */,
				55AED1B02BFFE1B800026B5E /* FirebaseAppCheck in Frameworks */,
				55AED1AE2BFFE1B800026B5E /* FirebaseAnalyticsWithoutAdIdSupport in Frameworks */,
			);
			runOnlyForDeploymentPostprocessing = 0;
		};
/* End PBXFrameworksBuildPhase section */

/* Begin PBXGroup section */
		55AED18A2BFFE05000026B5E = {
			isa = PBXGroup;
			children = (
				55AED1952BFFE05000026B5E /* BusQRGenerator */,
				55AED1942BFFE05000026B5E /* Products */,
			);
			sourceTree = "<group>";
		};
		55AED1942BFFE05000026B5E /* Products */ = {
			isa = PBXGroup;
			children = (
				55AED1932BFFE05000026B5E /* BusQRGenerator.app */,
			);
			name = Products;
			sourceTree = "<group>";
		};
		55AED1952BFFE05000026B5E /* BusQRGenerator */ = {
			isa = PBXGroup;
			children = (
				55AED1962BFFE05000026B5E /* BusQRGeneratorApp.swift */,
				55AED1982BFFE05000026B5E /* ContentView.swift */,
				B49A01DC2C012D2B00ACBD46 /* LogInView.swift */,
				B49A01DE2C012D4000ACBD46 /* RegisterView.swift */,
				B49A01E02C012D6B00ACBD46 /* ForgottenView.swift */,
				B49A01E22C012D8A00ACBD46 /* GenerateQRView.swift */,
				B49A01E42C012DB600ACBD46 /* EditAccountView.swift */,
				55AED19A2BFFE05100026B5E /* Assets.xcassets */,
				55AED1A42BFFE10700026B5E /* GoogleService-Info.plist */,
				55AED19C2BFFE05100026B5E /* Preview Content */,
			);
			path = BusQRGenerator;
			sourceTree = "<group>";
		};
		55AED19C2BFFE05100026B5E /* Preview Content */ = {
			isa = PBXGroup;
			children = (
				55AED19D2BFFE05100026B5E /* Preview Assets.xcassets */,
			);
			path = "Preview Content";
			sourceTree = "<group>";
		};
/* End PBXGroup section */

/* Begin PBXNativeTarget section */
		55AED1922BFFE05000026B5E /* BusQRGenerator */ = {
			isa = PBXNativeTarget;
			buildConfigurationList = 55AED1A12BFFE05100026B5E /* Build configuration list for PBXNativeTarget "BusQRGenerator" */;
			buildPhases = (
				55AED18F2BFFE05000026B5E /* Sources */,
				55AED1902BFFE05000026B5E /* Frameworks */,
				55AED1912BFFE05000026B5E /* Resources */,
			);
			buildRules = (
			);
			dependencies = (
			);
			name = BusQRGenerator;
			packageProductDependencies = (
				55AED1A72BFFE1B800026B5E /* FirebaseAnalytics */,
				55AED1A92BFFE1B800026B5E /* FirebaseAnalyticsOnDeviceConversion */,
				55AED1AB2BFFE1B800026B5E /* FirebaseAnalyticsSwift */,
				55AED1AD2BFFE1B800026B5E /* FirebaseAnalyticsWithoutAdIdSupport */,
				55AED1AF2BFFE1B800026B5E /* FirebaseAppCheck */,
				B49A01E72C012E9500ACBD46 /* CodeScanner */,
			);
			productName = BusQRGenerator;
			productReference = 55AED1932BFFE05000026B5E /* BusQRGenerator.app */;
			productType = "com.apple.product-type.application";
		};
/* End PBXNativeTarget section */

/* Begin PBXProject section */
		55AED18B2BFFE05000026B5E /* Project object */ = {
			isa = PBXProject;
			attributes = {
				BuildIndependentTargetsInParallel = 1;
				LastSwiftUpdateCheck = 1520;
				LastUpgradeCheck = 1520;
				TargetAttributes = {
					55AED1922BFFE05000026B5E = {
						CreatedOnToolsVersion = 15.2;
					};
				};
			};
			buildConfigurationList = 55AED18E2BFFE05000026B5E /* Build configuration list for PBXProject "BusQRGenerator" */;
			compatibilityVersion = "Xcode 14.0";
			developmentRegion = en;
			hasScannedForEncodings = 0;
			knownRegions = (
				en,
				Base,
			);
			mainGroup = 55AED18A2BFFE05000026B5E;
			packageReferences = (
				55AED1A62BFFE1B800026B5E /* XCRemoteSwiftPackageReference "firebase-ios-sdk" */,
				B49A01E62C012E9500ACBD46 /* XCRemoteSwiftPackageReference "CodeScanner" */,
			);
			productRefGroup = 55AED1942BFFE05000026B5E /* Products */;
			projectDirPath = "";
			projectRoot = "";
			targets = (
				55AED1922BFFE05000026B5E /* BusQRGenerator */,
			);
		};
/* End PBXProject section */

/* Begin PBXResourcesBuildPhase section */
		55AED1912BFFE05000026B5E /* Resources */ = {
			isa = PBXResourcesBuildPhase;
			buildActionMask = 2147483647;
			files = (
				55AED19E2BFFE05100026B5E /* Preview Assets.xcassets in Resources */,
				55AED19B2BFFE05100026B5E /* Assets.xcassets in Resources */,
				55AED1A52BFFE10700026B5E /* GoogleService-Info.plist in Resources */,
			);
			runOnlyForDeploymentPostprocessing = 0;
		};
/* End PBXResourcesBuildPhase section */

/* Begin PBXSourcesBuildPhase section */
		55AED18F2BFFE05000026B5E /* Sources */ = {
			isa = PBXSourcesBuildPhase;
			buildActionMask = 2147483647;
			files = (
				B49A01DD2C012D2B00ACBD46 /* LogInView.swift in Sources */,
				B49A01DF2C012D4000ACBD46 /* RegisterView.swift in Sources */,
				55AED1992BFFE05000026B5E /* ContentView.swift in Sources */,
				55AED1972BFFE05000026B5E /* BusQRGeneratorApp.swift in Sources */,
				B49A01E32C012D8A00ACBD46 /* GenerateQRView.swift in Sources */,
				B49A01E52C012DB600ACBD46 /* EditAccountView.swift in Sources */,
				B49A01E12C012D6B00ACBD46 /* ForgottenView.swift in Sources */,
			);
			runOnlyForDeploymentPostprocessing = 0;
		};
/* End PBXSourcesBuildPhase section */

/* Begin XCBuildConfiguration section */
		55AED19F2BFFE05100026B5E /* Debug */ = {
			isa = XCBuildConfiguration;
			buildSettings = {
				ALWAYS_SEARCH_USER_PATHS = NO;
				ASSETCATALOG_COMPILER_GENERATE_SWIFT_ASSET_SYMBOL_EXTENSIONS = YES;
				CLANG_ANALYZER_NONNULL = YES;
				CLANG_ANALYZER_NUMBER_OBJECT_CONVERSION = YES_AGGRESSIVE;
				CLANG_CXX_LANGUAGE_STANDARD = "gnu++20";
				CLANG_ENABLE_MODULES = YES;
				CLANG_ENABLE_OBJC_ARC = YES;
				CLANG_ENABLE_OBJC_WEAK = YES;
				CLANG_WARN_BLOCK_CAPTURE_AUTORELEASING = YES;
				CLANG_WARN_BOOL_CONVERSION = YES;
				CLANG_WARN_COMMA = YES;
				CLANG_WARN_CONSTANT_CONVERSION = YES;
				CLANG_WARN_DEPRECATED_OBJC_IMPLEMENTATIONS = YES;
				CLANG_WARN_DIRECT_OBJC_ISA_USAGE = YES_ERROR;
				CLANG_WARN_DOCUMENTATION_COMMENTS = YES;
				CLANG_WARN_EMPTY_BODY = YES;
				CLANG_WARN_ENUM_CONVERSION = YES;
				CLANG_WARN_INFINITE_RECURSION = YES;
				CLANG_WARN_INT_CONVERSION = YES;
				CLANG_WARN_NON_LITERAL_NULL_CONVERSION = YES;
				CLANG_WARN_OBJC_IMPLICIT_RETAIN_SELF = YES;
				CLANG_WARN_OBJC_LITERAL_CONVERSION = YES;
				CLANG_WARN_OBJC_ROOT_CLASS = YES_ERROR;
				CLANG_WARN_QUOTED_INCLUDE_IN_FRAMEWORK_HEADER = YES;
				CLANG_WARN_RANGE_LOOP_ANALYSIS = YES;
				CLANG_WARN_STRICT_PROTOTYPES = YES;
				CLANG_WARN_SUSPICIOUS_MOVE = YES;
				CLANG_WARN_UNGUARDED_AVAILABILITY = YES_AGGRESSIVE;
				CLANG_WARN_UNREACHABLE_CODE = YES;
				CLANG_WARN__DUPLICATE_METHOD_MATCH = YES;
				COPY_PHASE_STRIP = NO;
				DEBUG_INFORMATION_FORMAT = dwarf;
				ENABLE_STRICT_OBJC_MSGSEND = YES;
				ENABLE_TESTABILITY = YES;
				ENABLE_USER_SCRIPT_SANDBOXING = YES;
				GCC_C_LANGUAGE_STANDARD = gnu17;
				GCC_DYNAMIC_NO_PIC = NO;
				GCC_NO_COMMON_BLOCKS = YES;
				GCC_OPTIMIZATION_LEVEL = 0;
				GCC_PREPROCESSOR_DEFINITIONS = (
					"DEBUG=1",
					"$(inherited)",
				);
				GCC_WARN_64_TO_32_BIT_CONVERSION = YES;
				GCC_WARN_ABOUT_RETURN_TYPE = YES_ERROR;
				GCC_WARN_UNDECLARED_SELECTOR = YES;
				GCC_WARN_UNINITIALIZED_AUTOS = YES_AGGRESSIVE;
				GCC_WARN_UNUSED_FUNCTION = YES;
				GCC_WARN_UNUSED_VARIABLE = YES;
				IPHONEOS_DEPLOYMENT_TARGET = 17.2;
				LOCALIZATION_PREFERS_STRING_CATALOGS = YES;
				MTL_ENABLE_DEBUG_INFO = INCLUDE_SOURCE;
				MTL_FAST_MATH = YES;
				ONLY_ACTIVE_ARCH = YES;
				SDKROOT = iphoneos;
				SWIFT_ACTIVE_COMPILATION_CONDITIONS = "DEBUG $(inherited)";
				SWIFT_OPTIMIZATION_LEVEL = "-Onone";
			};
			name = Debug;
		};
		55AED1A02BFFE05100026B5E /* Release */ = {
			isa = XCBuildConfiguration;
			buildSettings = {
				ALWAYS_SEARCH_USER_PATHS = NO;
				ASSETCATALOG_COMPILER_GENERATE_SWIFT_ASSET_SYMBOL_EXTENSIONS = YES;
				CLANG_ANALYZER_NONNULL = YES;
				CLANG_ANALYZER_NUMBER_OBJECT_CONVERSION = YES_AGGRESSIVE;
				CLANG_CXX_LANGUAGE_STANDARD = "gnu++20";
				CLANG_ENABLE_MODULES = YES;
				CLANG_ENABLE_OBJC_ARC = YES;
				CLANG_ENABLE_OBJC_WEAK = YES;
				CLANG_WARN_BLOCK_CAPTURE_AUTORELEASING = YES;
				CLANG_WARN_BOOL_CONVERSION = YES;
				CLANG_WARN_COMMA = YES;
				CLANG_WARN_CONSTANT_CONVERSION = YES;
				CLANG_WARN_DEPRECATED_OBJC_IMPLEMENTATIONS = YES;
				CLANG_WARN_DIRECT_OBJC_ISA_USAGE = YES_ERROR;
				CLANG_WARN_DOCUMENTATION_COMMENTS = YES;
				CLANG_WARN_EMPTY_BODY = YES;
				CLANG_WARN_ENUM_CONVERSION = YES;
				CLANG_WARN_INFINITE_RECURSION = YES;
				CLANG_WARN_INT_CONVERSION = YES;
				CLANG_WARN_NON_LITERAL_NULL_CONVERSION = YES;
				CLANG_WARN_OBJC_IMPLICIT_RETAIN_SELF = YES;
				CLANG_WARN_OBJC_LITERAL_CONVERSION = YES;
				CLANG_WARN_OBJC_ROOT_CLASS = YES_ERROR;
				CLANG_WARN_QUOTED_INCLUDE_IN_FRAMEWORK_HEADER = YES;
				CLANG_WARN_RANGE_LOOP_ANALYSIS = YES;
				CLANG_WARN_STRICT_PROTOTYPES = YES;
				CLANG_WARN_SUSPICIOUS_MOVE = YES;
				CLANG_WARN_UNGUARDED_AVAILABILITY = YES_AGGRESSIVE;
				CLANG_WARN_UNREACHABLE_CODE = YES;
				CLANG_WARN__DUPLICATE_METHOD_MATCH = YES;
				COPY_PHASE_STRIP = NO;
				DEBUG_INFORMATION_FORMAT = "dwarf-with-dsym";
				ENABLE_NS_ASSERTIONS = NO;
				ENABLE_STRICT_OBJC_MSGSEND = YES;
				ENABLE_USER_SCRIPT_SANDBOXING = YES;
				GCC_C_LANGUAGE_STANDARD = gnu17;
				GCC_NO_COMMON_BLOCKS = YES;
				GCC_WARN_64_TO_32_BIT_CONVERSION = YES;
				GCC_WARN_ABOUT_RETURN_TYPE = YES_ERROR;
				GCC_WARN_UNDECLARED_SELECTOR = YES;
				GCC_WARN_UNINITIALIZED_AUTOS = YES_AGGRESSIVE;
				GCC_WARN_UNUSED_FUNCTION = YES;
				GCC_WARN_UNUSED_VARIABLE = YES;
				IPHONEOS_DEPLOYMENT_TARGET = 17.2;
				LOCALIZATION_PREFERS_STRING_CATALOGS = YES;
				MTL_ENABLE_DEBUG_INFO = NO;
				MTL_FAST_MATH = YES;
				SDKROOT = iphoneos;
				SWIFT_COMPILATION_MODE = wholemodule;
				VALIDATE_PRODUCT = YES;
			};
			name = Release;
		};
		55AED1A22BFFE05100026B5E /* Debug */ = {
			isa = XCBuildConfiguration;
			buildSettings = {
				ASSETCATALOG_COMPILER_APPICON_NAME = AppIcon;
				ASSETCATALOG_COMPILER_GLOBAL_ACCENT_COLOR_NAME = AccentColor;
				CODE_SIGN_STYLE = Automatic;
				CURRENT_PROJECT_VERSION = 1;
				DEVELOPMENT_ASSET_PATHS = "\"BusQRGenerator/Preview Content\"";
				ENABLE_PREVIEWS = YES;
				GENERATE_INFOPLIST_FILE = YES;
				INFOPLIST_KEY_UIApplicationSceneManifest_Generation = YES;
				INFOPLIST_KEY_UIApplicationSupportsIndirectInputEvents = YES;
				INFOPLIST_KEY_UILaunchScreen_Generation = YES;
				INFOPLIST_KEY_UISupportedInterfaceOrientations_iPad = "UIInterfaceOrientationPortrait UIInterfaceOrientationPortraitUpsideDown UIInterfaceOrientationLandscapeLeft UIInterfaceOrientationLandscapeRight";
				INFOPLIST_KEY_UISupportedInterfaceOrientations_iPhone = "UIInterfaceOrientationPortrait UIInterfaceOrientationLandscapeLeft UIInterfaceOrientationLandscapeRight";
				IPHONEOS_DEPLOYMENT_TARGET = 15.0;
				LD_RUNPATH_SEARCH_PATHS = (
					"$(inherited)",
					"@executable_path/Frameworks",
				);
				MARKETING_VERSION = 1.0;
				PRODUCT_BUNDLE_IDENTIFIER = up.gdl.rajivi.BusQRGenerator;
				PRODUCT_NAME = "$(TARGET_NAME)";
				SWIFT_EMIT_LOC_STRINGS = YES;
				SWIFT_VERSION = 5.0;
				TARGETED_DEVICE_FAMILY = "1,2";
			};
			name = Debug;
		};
		55AED1A32BFFE05100026B5E /* Release */ = {
			isa = XCBuildConfiguration;
			buildSettings = {
				ASSETCATALOG_COMPILER_APPICON_NAME = AppIcon;
				ASSETCATALOG_COMPILER_GLOBAL_ACCENT_COLOR_NAME = AccentColor;
				CODE_SIGN_STYLE = Automatic;
				CURRENT_PROJECT_VERSION = 1;
				DEVELOPMENT_ASSET_PATHS = "\"BusQRGenerator/Preview Content\"";
				ENABLE_PREVIEWS = YES;
				GENERATE_INFOPLIST_FILE = YES;
				INFOPLIST_KEY_UIApplicationSceneManifest_Generation = YES;
				INFOPLIST_KEY_UIApplicationSupportsIndirectInputEvents = YES;
				INFOPLIST_KEY_UILaunchScreen_Generation = YES;
				INFOPLIST_KEY_UISupportedInterfaceOrientations_iPad = "UIInterfaceOrientationPortrait UIInterfaceOrientationPortraitUpsideDown UIInterfaceOrientationLandscapeLeft UIInterfaceOrientationLandscapeRight";
				INFOPLIST_KEY_UISupportedInterfaceOrientations_iPhone = "UIInterfaceOrientationPortrait UIInterfaceOrientationLandscapeLeft UIInterfaceOrientationLandscapeRight";
				IPHONEOS_DEPLOYMENT_TARGET = 15.0;
				LD_RUNPATH_SEARCH_PATHS = (
					"$(inherited)",
					"@executable_path/Frameworks",
				);
				MARKETING_VERSION = 1.0;
				PRODUCT_BUNDLE_IDENTIFIER = up.gdl.rajivi.BusQRGenerator;
				PRODUCT_NAME = "$(TARGET_NAME)";
				SWIFT_EMIT_LOC_STRINGS = YES;
				SWIFT_VERSION = 5.0;
				TARGETED_DEVICE_FAMILY = "1,2";
			};
			name = Release;
		};
/* End XCBuildConfiguration section */

/* Begin XCConfigurationList section */
		55AED18E2BFFE05000026B5E /* Build configuration list for PBXProject "BusQRGenerator" */ = {
			isa = XCConfigurationList;
			buildConfigurations = (
				55AED19F2BFFE05100026B5E /* Debug */,
				55AED1A02BFFE05100026B5E /* Release */,
			);
			defaultConfigurationIsVisible = 0;
			defaultConfigurationName = Release;
		};
		55AED1A12BFFE05100026B5E /* Build configuration list for PBXNativeTarget "BusQRGenerator" */ = {
			isa = XCConfigurationList;
			buildConfigurations = (
				55AED1A22BFFE05100026B5E /* Debug */,
				55AED1A32BFFE05100026B5E /* Release */,
			);
			defaultConfigurationIsVisible = 0;
			defaultConfigurationName = Release;
		};
/* End XCConfigurationList section */

/* Begin XCRemoteSwiftPackageReference section */
		55AED1A62BFFE1B800026B5E /* XCRemoteSwiftPackageReference "firebase-ios-sdk" */ = {
			isa = XCRemoteSwiftPackageReference;
			repositoryURL = "https://github.com/firebase/firebase-ios-sdk";
			requirement = {
				kind = upToNextMajorVersion;
				minimumVersion = 10.26.0;
			};
		};
		B49A01E62C012E9500ACBD46 /* XCRemoteSwiftPackageReference "CodeScanner" */ = {
			isa = XCRemoteSwiftPackageReference;
			repositoryURL = "https://github.com/twostraws/CodeScanner";
			requirement = {
				kind = upToNextMajorVersion;
				minimumVersion = 2.4.1;
			};
		};
/* End XCRemoteSwiftPackageReference section */

/* Begin XCSwiftPackageProductDependency section */
		55AED1A72BFFE1B800026B5E /* FirebaseAnalytics */ = {
			isa = XCSwiftPackageProductDependency;
			package = 55AED1A62BFFE1B800026B5E /* XCRemoteSwiftPackageReference "firebase-ios-sdk" */;
			productName = FirebaseAnalytics;
		};
		55AED1A92BFFE1B800026B5E /* FirebaseAnalyticsOnDeviceConversion */ = {
			isa = XCSwiftPackageProductDependency;
			package = 55AED1A62BFFE1B800026B5E /* XCRemoteSwiftPackageReference "firebase-ios-sdk" */;
			productName = FirebaseAnalyticsOnDeviceConversion;
		};
		55AED1AB2BFFE1B800026B5E /* FirebaseAnalyticsSwift */ = {
			isa = XCSwiftPackageProductDependency;
			package = 55AED1A62BFFE1B800026B5E /* XCRemoteSwiftPackageReference "firebase-ios-sdk" */;
			productName = FirebaseAnalyticsSwift;
		};
		55AED1AD2BFFE1B800026B5E /* FirebaseAnalyticsWithoutAdIdSupport */ = {
			isa = XCSwiftPackageProductDependency;
			package = 55AED1A62BFFE1B800026B5E /* XCRemoteSwiftPackageReference "firebase-ios-sdk" */;
			productName = FirebaseAnalyticsWithoutAdIdSupport;
		};
		55AED1AF2BFFE1B800026B5E /* FirebaseAppCheck */ = {
			isa = XCSwiftPackageProductDependency;
			package = 55AED1A62BFFE1B800026B5E /* XCRemoteSwiftPackageReference "firebase-ios-sdk" */;
			productName = FirebaseAppCheck;
		};
		B49A01E72C012E9500ACBD46 /* CodeScanner */ = {
			isa = XCSwiftPackageProductDependency;
			package = B49A01E62C012E9500ACBD46 /* XCRemoteSwiftPackageReference "CodeScanner" */;
			productName = CodeScanner;
		};
/* End XCSwiftPackageProductDependency section */
	};
	rootObject = 55AED18B2BFFE05000026B5E /* Project object */;
}
